
Microsoft Visual Studio Solution File, Format Version 12.00
# Visual Studio Version 16
VisualStudioVersion = 16.0.30804.86
MinimumVisualStudioVersion = 10.0.40219.1
Project("{FAE04EC0-301F-11D3-BF4B-00C04F79EFBC}") = "CheapGames", "CheapGames\CheapGames.csproj", "{CE8B3387-7103-4FB6-B826-D92000F6F948}"
EndProject
Global
	GlobalSection(SolutionConfigurationPlatforms) = preSolution
		Debug|Any CPU = Debug|Any CPU
		Release|Any CPU = Release|Any CPU
	EndGlobalSection
	GlobalSection(ProjectConfigurationPlatforms) = postSolution
		{CE8B3387-7103-4FB6-B826-D92000F6F948}.Debug|Any CPU.ActiveCfg = Debug|Any CPU
		{CE8B3387-7103-4FB6-B826-D92000F6F948}.Debug|Any CPU.Build.0 = Debug|Any CPU
		{CE8B3387-7103-4FB6-B826-D92000F6F948}.Release|Any CPU.ActiveCfg = Release|Any CPU
		{CE8B3387-7103-4FB6-B826-D92000F6F948}.Release|Any CPU.Build.0 = Release|Any CPU
	EndGlobalSection
	GlobalSection(SolutionProperties) = preSolution
		HideSolutionNode = FALSE
	EndGlobalSection
	GlobalSection(ExtensibilityGlobals) = postSolution
		SolutionGuid = {59A9CF37-C6D0-44B2-9FBB-DDB656CA5725}
	EndGlobalSection
EndGlobal
